// !$*UTF8*$!
{
	archiveVersion = 1;
	classes = {
	};
	objectVersion = 46;
	objects = {

/* Begin PBXBuildFile section */
		147AA02A1BCA515B00ECBF88 /* AFHTTPRequestOperation.m in Sources */ = {isa = PBXBuildFile; fileRef = 147AA0181BCA515B00ECBF88 /* AFHTTPRequestOperation.m */; settings = {ASSET_TAGS = (); }; };
		147AA02B1BCA515B00ECBF88 /* AFHTTPRequestOperationManager.m in Sources */ = {isa = PBXBuildFile; fileRef = 147AA01A1BCA515B00ECBF88 /* AFHTTPRequestOperationManager.m */; settings = {ASSET_TAGS = (); }; };
		147AA02C1BCA515B00ECBF88 /* AFHTTPSessionManager.m in Sources */ = {isa = PBXBuildFile; fileRef = 147AA01C1BCA515B00ECBF88 /* AFHTTPSessionManager.m */; settings = {ASSET_TAGS = (); }; };
		147AA02D1BCA515B00ECBF88 /* AFNetworkReachabilityManager.m in Sources */ = {isa = PBXBuildFile; fileRef = 147AA01F1BCA515B00ECBF88 /* AFNetworkReachabilityManager.m */; settings = {ASSET_TAGS = (); }; };
		147AA02E1BCA515B00ECBF88 /* AFSecurityPolicy.m in Sources */ = {isa = PBXBuildFile; fileRef = 147AA0211BCA515B00ECBF88 /* AFSecurityPolicy.m */; settings = {ASSET_TAGS = (); }; };
		147AA02F1BCA515B00ECBF88 /* AFURLConnectionOperation.m in Sources */ = {isa = PBXBuildFile; fileRef = 147AA0231BCA515B00ECBF88 /* AFURLConnectionOperation.m */; settings = {ASSET_TAGS = (); }; };
		147AA0301BCA515B00ECBF88 /* AFURLRequestSerialization.m in Sources */ = {isa = PBXBuildFile; fileRef = 147AA0251BCA515B00ECBF88 /* AFURLRequestSerialization.m */; settings = {ASSET_TAGS = (); }; };
		147AA0311BCA515B00ECBF88 /* AFURLResponseSerialization.m in Sources */ = {isa = PBXBuildFile; fileRef = 147AA0271BCA515B00ECBF88 /* AFURLResponseSerialization.m */; settings = {ASSET_TAGS = (); }; };
		147AA0321BCA515B00ECBF88 /* AFURLSessionManager.m in Sources */ = {isa = PBXBuildFile; fileRef = 147AA0291BCA515B00ECBF88 /* AFURLSessionManager.m */; settings = {ASSET_TAGS = (); }; };
		14B4F61F1BC4F85F00EEF116 /* AppDelegate.swift in Sources */ = {isa = PBXBuildFile; fileRef = 14B4F61E1BC4F85F00EEF116 /* AppDelegate.swift */; };
		14B4F6211BC4F85F00EEF116 /* ViewController.swift in Sources */ = {isa = PBXBuildFile; fileRef = 14B4F6201BC4F85F00EEF116 /* ViewController.swift */; };
		14B4F6241BC4F85F00EEF116 /* Main.storyboard in Resources */ = {isa = PBXBuildFile; fileRef = 14B4F6221BC4F85F00EEF116 /* Main.storyboard */; };
		14B4F6261BC4F85F00EEF116 /* Assets.xcassets in Resources */ = {isa = PBXBuildFile; fileRef = 14B4F6251BC4F85F00EEF116 /* Assets.xcassets */; };
		14B4F6291BC4F85F00EEF116 /* LaunchScreen.storyboard in Resources */ = {isa = PBXBuildFile; fileRef = 14B4F6271BC4F85F00EEF116 /* LaunchScreen.storyboard */; };
		84E09D981BCCDECA00E4206A /* clear-day.png in Resources */ = {isa = PBXBuildFile; fileRef = 84E09D8F1BCCDECA00E4206A /* clear-day.png */; settings = {ASSET_TAGS = (); }; };
		84E09D991BCCDECA00E4206A /* clear-night.png in Resources */ = {isa = PBXBuildFile; fileRef = 84E09D901BCCDECA00E4206A /* clear-night.png */; settings = {ASSET_TAGS = (); }; };
		84E09D9A1BCCDECA00E4206A /* cloudy.png in Resources */ = {isa = PBXBuildFile; fileRef = 84E09D911BCCDECA00E4206A /* cloudy.png */; settings = {ASSET_TAGS = (); }; };
		84E09D9B1BCCDECA00E4206A /* fog.png in Resources */ = {isa = PBXBuildFile; fileRef = 84E09D921BCCDECA00E4206A /* fog.png */; settings = {ASSET_TAGS = (); }; };
		84E09D9C1BCCDECA00E4206A /* partly-cloudy-day.png in Resources */ = {isa = PBXBuildFile; fileRef = 84E09D931BCCDECA00E4206A /* partly-cloudy-day.png */; settings = {ASSET_TAGS = (); }; };
		84E09D9D1BCCDECA00E4206A /* partly-cloudy-night.png in Resources */ = {isa = PBXBuildFile; fileRef = 84E09D941BCCDECA00E4206A /* partly-cloudy-night.png */; settings = {ASSET_TAGS = (); }; };
		84E09D9E1BCCDECA00E4206A /* rain.png in Resources */ = {isa = PBXBuildFile; fileRef = 84E09D951BCCDECA00E4206A /* rain.png */; settings = {ASSET_TAGS = (); }; };
		84E09D9F1BCCDECA00E4206A /* sleet.png in Resources */ = {isa = PBXBuildFile; fileRef = 84E09D961BCCDECA00E4206A /* sleet.png */; settings = {ASSET_TAGS = (); }; };
		84E09DA01BCCDECA00E4206A /* snow.png in Resources */ = {isa = PBXBuildFile; fileRef = 84E09D971BCCDECA00E4206A /* snow.png */; settings = {ASSET_TAGS = (); }; };
		84E09DAA1BCCE26D00E4206A /* clear-nightbck.jpg in Resources */ = {isa = PBXBuildFile; fileRef = 84E09DA11BCCE26D00E4206A /* clear-nightbck.jpg */; settings = {ASSET_TAGS = (); }; };
		84E09DAB1BCCE26D00E4206A /* cloudybck.jpg in Resources */ = {isa = PBXBuildFile; fileRef = 84E09DA21BCCE26D00E4206A /* cloudybck.jpg */; settings = {ASSET_TAGS = (); }; };
		84E09DAC1BCCE26D00E4206A /* fogbck.jpg in Resources */ = {isa = PBXBuildFile; fileRef = 84E09DA31BCCE26D00E4206A /* fogbck.jpg */; settings = {ASSET_TAGS = (); }; };
		84E09DAD1BCCE26D00E4206A /* partly-cloudy-daybck.jpg in Resources */ = {isa = PBXBuildFile; fileRef = 84E09DA41BCCE26D00E4206A /* partly-cloudy-daybck.jpg */; settings = {ASSET_TAGS = (); }; };
		84E09DAE1BCCE26D00E4206A /* partly-cloudy-nightbck.jpg in Resources */ = {isa = PBXBuildFile; fileRef = 84E09DA51BCCE26D00E4206A /* partly-cloudy-nightbck.jpg */; settings = {ASSET_TAGS = (); }; };
		84E09DAF1BCCE26D00E4206A /* rainbck.jpg in Resources */ = {isa = PBXBuildFile; fileRef = 84E09DA61BCCE26D00E4206A /* rainbck.jpg */; settings = {ASSET_TAGS = (); }; };
		84E09DB01BCCE26D00E4206A /* sleetbck.jpg in Resources */ = {isa = PBXBuildFile; fileRef = 84E09DA71BCCE26D00E4206A /* sleetbck.jpg */; settings = {ASSET_TAGS = (); }; };
		84E09DB11BCCE26D00E4206A /* snowbck.jpg in Resources */ = {isa = PBXBuildFile; fileRef = 84E09DA81BCCE26D00E4206A /* snowbck.jpg */; settings = {ASSET_TAGS = (); }; };
		84E09DB21BCCE26D00E4206A /* windbck.jpg in Resources */ = {isa = PBXBuildFile; fileRef = 84E09DA91BCCE26D00E4206A /* windbck.jpg */; settings = {ASSET_TAGS = (); }; };
/* End PBXBuildFile section */

/* Begin PBXFileReference section */
		147AA0171BCA515B00ECBF88 /* AFHTTPRequestOperation.h */ = {isa = PBXFileReference; fileEncoding = 4; lastKnownFileType = sourcecode.c.h; path = AFHTTPRequestOperation.h; sourceTree = "<group>"; };
		147AA0181BCA515B00ECBF88 /* AFHTTPRequestOperation.m */ = {isa = PBXFileReference; fileEncoding = 4; lastKnownFileType = sourcecode.c.objc; path = AFHTTPRequestOperation.m; sourceTree = "<group>"; };
		147AA0191BCA515B00ECBF88 /* AFHTTPRequestOperationManager.h */ = {isa = PBXFileReference; fileEncoding = 4; lastKnownFileType = sourcecode.c.h; path = AFHTTPRequestOperationManager.h; sourceTree = "<group>"; };
		147AA01A1BCA515B00ECBF88 /* AFHTTPRequestOperationManager.m */ = {isa = PBXFileReference; fileEncoding = 4; lastKnownFileType = sourcecode.c.objc; path = AFHTTPRequestOperationManager.m; sourceTree = "<group>"; };
		147AA01B1BCA515B00ECBF88 /* AFHTTPSessionManager.h */ = {isa = PBXFileReference; fileEncoding = 4; lastKnownFileType = sourcecode.c.h; path = AFHTTPSessionManager.h; sourceTree = "<group>"; };
		147AA01C1BCA515B00ECBF88 /* AFHTTPSessionManager.m */ = {isa = PBXFileReference; fileEncoding = 4; lastKnownFileType = sourcecode.c.objc; path = AFHTTPSessionManager.m; sourceTree = "<group>"; };
		147AA01D1BCA515B00ECBF88 /* AFNetworking.h */ = {isa = PBXFileReference; fileEncoding = 4; lastKnownFileType = sourcecode.c.h; path = AFNetworking.h; sourceTree = "<group>"; };
		147AA01E1BCA515B00ECBF88 /* AFNetworkReachabilityManager.h */ = {isa = PBXFileReference; fileEncoding = 4; lastKnownFileType = sourcecode.c.h; path = AFNetworkReachabilityManager.h; sourceTree = "<group>"; };
		147AA01F1BCA515B00ECBF88 /* AFNetworkReachabilityManager.m */ = {isa = PBXFileReference; fileEncoding = 4; lastKnownFileType = sourcecode.c.objc; path = AFNetworkReachabilityManager.m; sourceTree = "<group>"; };
		147AA0201BCA515B00ECBF88 /* AFSecurityPolicy.h */ = {isa = PBXFileReference; fileEncoding = 4; lastKnownFileType = sourcecode.c.h; path = AFSecurityPolicy.h; sourceTree = "<group>"; };
		147AA0211BCA515B00ECBF88 /* AFSecurityPolicy.m */ = {isa = PBXFileReference; fileEncoding = 4; lastKnownFileType = sourcecode.c.objc; path = AFSecurityPolicy.m; sourceTree = "<group>"; };
		147AA0221BCA515B00ECBF88 /* AFURLConnectionOperation.h */ = {isa = PBXFileReference; fileEncoding = 4; lastKnownFileType = sourcecode.c.h; path = AFURLConnectionOperation.h; sourceTree = "<group>"; };
		147AA0231BCA515B00ECBF88 /* AFURLConnectionOperation.m */ = {isa = PBXFileReference; fileEncoding = 4; lastKnownFileType = sourcecode.c.objc; path = AFURLConnectionOperation.m; sourceTree = "<group>"; };
		147AA0241BCA515B00ECBF88 /* AFURLRequestSerialization.h */ = {isa = PBXFileReference; fileEncoding = 4; lastKnownFileType = sourcecode.c.h; path = AFURLRequestSerialization.h; sourceTree = "<group>"; };
		147AA0251BCA515B00ECBF88 /* AFURLRequestSerialization.m */ = {isa = PBXFileReference; fileEncoding = 4; lastKnownFileType = sourcecode.c.objc; path = AFURLRequestSerialization.m; sourceTree = "<group>"; };
		147AA0261BCA515B00ECBF88 /* AFURLResponseSerialization.h */ = {isa = PBXFileReference; fileEncoding = 4; lastKnownFileType = sourcecode.c.h; path = AFURLResponseSerialization.h; sourceTree = "<group>"; };
		147AA0271BCA515B00ECBF88 /* AFURLResponseSerialization.m */ = {isa = PBXFileReference; fileEncoding = 4; lastKnownFileType = sourcecode.c.objc; path = AFURLResponseSerialization.m; sourceTree = "<group>"; };
		147AA0281BCA515B00ECBF88 /* AFURLSessionManager.h */ = {isa = PBXFileReference; fileEncoding = 4; lastKnownFileType = sourcecode.c.h; path = AFURLSessionManager.h; sourceTree = "<group>"; };
		147AA0291BCA515B00ECBF88 /* AFURLSessionManager.m */ = {isa = PBXFileReference; fileEncoding = 4; lastKnownFileType = sourcecode.c.objc; path = AFURLSessionManager.m; sourceTree = "<group>"; };
		147AA0331BCA51D900ECBF88 /* weather-Bridging-Header.h */ = {isa = PBXFileReference; lastKnownFileType = sourcecode.c.h; path = "weather-Bridging-Header.h"; sourceTree = SOURCE_ROOT; };
		14B4F61B1BC4F85F00EEF116 /* weather.app */ = {isa = PBXFileReference; explicitFileType = wrapper.application; includeInIndex = 0; path = weather.app; sourceTree = BUILT_PRODUCTS_DIR; };
		14B4F61E1BC4F85F00EEF116 /* AppDelegate.swift */ = {isa = PBXFileReference; lastKnownFileType = sourcecode.swift; path = AppDelegate.swift; sourceTree = "<group>"; };
		14B4F6201BC4F85F00EEF116 /* ViewController.swift */ = {isa = PBXFileReference; lastKnownFileType = sourcecode.swift; path = ViewController.swift; sourceTree = "<group>"; };
		14B4F6231BC4F85F00EEF116 /* Base */ = {isa = PBXFileReference; lastKnownFileType = file.storyboard; name = Base; path = Base.lproj/Main.storyboard; sourceTree = "<group>"; };
		14B4F6251BC4F85F00EEF116 /* Assets.xcassets */ = {isa = PBXFileReference; lastKnownFileType = folder.assetcatalog; path = Assets.xcassets; sourceTree = "<group>"; };
		14B4F6281BC4F85F00EEF116 /* Base */ = {isa = PBXFileReference; lastKnownFileType = file.storyboard; name = Base; path = Base.lproj/LaunchScreen.storyboard; sourceTree = "<group>"; };
		14B4F62A1BC4F85F00EEF116 /* Info.plist */ = {isa = PBXFileReference; lastKnownFileType = text.plist.xml; path = Info.plist; sourceTree = "<group>"; };
		84E09D8F1BCCDECA00E4206A /* clear-day.png */ = {isa = PBXFileReference; lastKnownFileType = image.png; path = "clear-day.png"; sourceTree = "<group>"; };
		84E09D901BCCDECA00E4206A /* clear-night.png */ = {isa = PBXFileReference; lastKnownFileType = image.png; path = "clear-night.png"; sourceTree = "<group>"; };
		84E09D911BCCDECA00E4206A /* cloudy.png */ = {isa = PBXFileReference; lastKnownFileType = image.png; path = cloudy.png; sourceTree = "<group>"; };
		84E09D921BCCDECA00E4206A /* fog.png */ = {isa = PBXFileReference; lastKnownFileType = image.png; path = fog.png; sourceTree = "<group>"; };
		84E09D931BCCDECA00E4206A /* partly-cloudy-day.png */ = {isa = PBXFileReference; lastKnownFileType = image.png; path = "partly-cloudy-day.png"; sourceTree = "<group>"; };
		84E09D941BCCDECA00E4206A /* partly-cloudy-night.png */ = {isa = PBXFileReference; lastKnownFileType = image.png; path = "partly-cloudy-night.png"; sourceTree = "<group>"; };
		84E09D951BCCDECA00E4206A /* rain.png */ = {isa = PBXFileReference; lastKnownFileType = image.png; path = rain.png; sourceTree = "<group>"; };
		84E09D961BCCDECA00E4206A /* sleet.png */ = {isa = PBXFileReference; lastKnownFileType = image.png; path = sleet.png; sourceTree = "<group>"; };
		84E09D971BCCDECA00E4206A /* snow.png */ = {isa = PBXFileReference; lastKnownFileType = image.png; path = snow.png; sourceTree = "<group>"; };
		84E09DA11BCCE26D00E4206A /* clear-nightbck.jpg */ = {isa = PBXFileReference; lastKnownFileType = image.jpeg; path = "clear-nightbck.jpg"; sourceTree = "<group>"; };
		84E09DA21BCCE26D00E4206A /* cloudybck.jpg */ = {isa = PBXFileReference; lastKnownFileType = image.jpeg; path = cloudybck.jpg; sourceTree = "<group>"; };
		84E09DA31BCCE26D00E4206A /* fogbck.jpg */ = {isa = PBXFileReference; lastKnownFileType = image.jpeg; path = fogbck.jpg; sourceTree = "<group>"; };
		84E09DA41BCCE26D00E4206A /* partly-cloudy-daybck.jpg */ = {isa = PBXFileReference; lastKnownFileType = image.jpeg; path = "partly-cloudy-daybck.jpg"; sourceTree = "<group>"; };
		84E09DA51BCCE26D00E4206A /* partly-cloudy-nightbck.jpg */ = {isa = PBXFileReference; lastKnownFileType = image.jpeg; path = "partly-cloudy-nightbck.jpg"; sourceTree = "<group>"; };
		84E09DA61BCCE26D00E4206A /* rainbck.jpg */ = {isa = PBXFileReference; lastKnownFileType = image.jpeg; path = rainbck.jpg; sourceTree = "<group>"; };
		84E09DA71BCCE26D00E4206A /* sleetbck.jpg */ = {isa = PBXFileReference; lastKnownFileType = image.jpeg; path = sleetbck.jpg; sourceTree = "<group>"; };
		84E09DA81BCCE26D00E4206A /* snowbck.jpg */ = {isa = PBXFileReference; lastKnownFileType = image.jpeg; path = snowbck.jpg; sourceTree = "<group>"; };
		84E09DA91BCCE26D00E4206A /* windbck.jpg */ = {isa = PBXFileReference; lastKnownFileType = image.jpeg; path = windbck.jpg; sourceTree = "<group>"; };
/* End PBXFileReference section */

/* Begin PBXFrameworksBuildPhase section */
		14B4F6181BC4F85F00EEF116 /* Frameworks */ = {
			isa = PBXFrameworksBuildPhase;
			buildActionMask = 2147483647;
			files = (
			);
			runOnlyForDeploymentPostprocessing = 0;
		};
/* End PBXFrameworksBuildPhase section */

/* Begin PBXGroup section */
		147AA0161BCA515B00ECBF88 /* AFNetworking */ = {
			isa = PBXGroup;
			children = (
				147AA0171BCA515B00ECBF88 /* AFHTTPRequestOperation.h */,
				147AA0181BCA515B00ECBF88 /* AFHTTPRequestOperation.m */,
				147AA0191BCA515B00ECBF88 /* AFHTTPRequestOperationManager.h */,
				147AA01A1BCA515B00ECBF88 /* AFHTTPRequestOperationManager.m */,
				147AA01B1BCA515B00ECBF88 /* AFHTTPSessionManager.h */,
				147AA01C1BCA515B00ECBF88 /* AFHTTPSessionManager.m */,
				147AA01D1BCA515B00ECBF88 /* AFNetworking.h */,
				147AA01E1BCA515B00ECBF88 /* AFNetworkReachabilityManager.h */,
				147AA01F1BCA515B00ECBF88 /* AFNetworkReachabilityManager.m */,
				147AA0201BCA515B00ECBF88 /* AFSecurityPolicy.h */,
				147AA0211BCA515B00ECBF88 /* AFSecurityPolicy.m */,
				147AA0221BCA515B00ECBF88 /* AFURLConnectionOperation.h */,
				147AA0231BCA515B00ECBF88 /* AFURLConnectionOperation.m */,
				147AA0241BCA515B00ECBF88 /* AFURLRequestSerialization.h */,
				147AA0251BCA515B00ECBF88 /* AFURLRequestSerialization.m */,
				147AA0261BCA515B00ECBF88 /* AFURLResponseSerialization.h */,
				147AA0271BCA515B00ECBF88 /* AFURLResponseSerialization.m */,
				147AA0281BCA515B00ECBF88 /* AFURLSessionManager.h */,
				147AA0291BCA515B00ECBF88 /* AFURLSessionManager.m */,
			);
			path = AFNetworking;
			sourceTree = "<group>";
		};
		14B4F6121BC4F85F00EEF116 = {
			isa = PBXGroup;
			children = (
				14B4F61D1BC4F85F00EEF116 /* weather */,
				14B4F61C1BC4F85F00EEF116 /* Products */,
			);
			sourceTree = "<group>";
		};
		14B4F61C1BC4F85F00EEF116 /* Products */ = {
			isa = PBXGroup;
			children = (
				14B4F61B1BC4F85F00EEF116 /* weather.app */,
			);
			name = Products;
			sourceTree = "<group>";
		};
		14B4F61D1BC4F85F00EEF116 /* weather */ = {
			isa = PBXGroup;
			children = (
				84E09DA11BCCE26D00E4206A /* clear-nightbck.jpg */,
				84E09DA21BCCE26D00E4206A /* cloudybck.jpg */,
				84E09DA31BCCE26D00E4206A /* fogbck.jpg */,
				84E09DA41BCCE26D00E4206A /* partly-cloudy-daybck.jpg */,
				84E09DA51BCCE26D00E4206A /* partly-cloudy-nightbck.jpg */,
				84E09DA61BCCE26D00E4206A /* rainbck.jpg */,
				84E09DA71BCCE26D00E4206A /* sleetbck.jpg */,
				84E09DA81BCCE26D00E4206A /* snowbck.jpg */,
				84E09DA91BCCE26D00E4206A /* windbck.jpg */,
				84E09D8F1BCCDECA00E4206A /* clear-day.png */,
				84E09D901BCCDECA00E4206A /* clear-night.png */,
				84E09D911BCCDECA00E4206A /* cloudy.png */,
				84E09D921BCCDECA00E4206A /* fog.png */,
				84E09D931BCCDECA00E4206A /* partly-cloudy-day.png */,
				84E09D941BCCDECA00E4206A /* partly-cloudy-night.png */,
				84E09D951BCCDECA00E4206A /* rain.png */,
				84E09D961BCCDECA00E4206A /* sleet.png */,
				84E09D971BCCDECA00E4206A /* snow.png */,
				147AA0331BCA51D900ECBF88 /* weather-Bridging-Header.h */,
				147AA0161BCA515B00ECBF88 /* AFNetworking */,
				14B4F61E1BC4F85F00EEF116 /* AppDelegate.swift */,
				14B4F6201BC4F85F00EEF116 /* ViewController.swift */,
				14B4F6221BC4F85F00EEF116 /* Main.storyboard */,
				14B4F6251BC4F85F00EEF116 /* Assets.xcassets */,
				14B4F6271BC4F85F00EEF116 /* LaunchScreen.storyboard */,
				14B4F62A1BC4F85F00EEF116 /* Info.plist */,
			);
			path = weather;
			sourceTree = "<group>";
		};
/* End PBXGroup section */

/* Begin PBXNativeTarget section */
		14B4F61A1BC4F85F00EEF116 /* weather */ = {
			isa = PBXNativeTarget;
			buildConfigurationList = 14B4F62D1BC4F85F00EEF116 /* Build configuration list for PBXNativeTarget "weather" */;
			buildPhases = (
				14B4F6171BC4F85F00EEF116 /* Sources */,
				14B4F6181BC4F85F00EEF116 /* Frameworks */,
				14B4F6191BC4F85F00EEF116 /* Resources */,
			);
			buildRules = (
			);
			dependencies = (
			);
			name = weather;
			productName = weather;
			productReference = 14B4F61B1BC4F85F00EEF116 /* weather.app */;
			productType = "com.apple.product-type.application";
		};
/* End PBXNativeTarget section */

/* Begin PBXProject section */
		14B4F6131BC4F85F00EEF116 /* Project object */ = {
			isa = PBXProject;
			attributes = {
				LastUpgradeCheck = 0700;
				ORGANIZATIONNAME = "Sereni Rikheart";
				TargetAttributes = {
					14B4F61A1BC4F85F00EEF116 = {
						CreatedOnToolsVersion = 7.0.1;
					};
				};
			};
			buildConfigurationList = 14B4F6161BC4F85F00EEF116 /* Build configuration list for PBXProject "weather" */;
			compatibilityVersion = "Xcode 3.2";
			developmentRegion = English;
			hasScannedForEncodings = 0;
			knownRegions = (
				en,
				Base,
			);
			mainGroup = 14B4F6121BC4F85F00EEF116;
			productRefGroup = 14B4F61C1BC4F85F00EEF116 /* Products */;
			projectDirPath = "";
			projectRoot = "";
			targets = (
				14B4F61A1BC4F85F00EEF116 /* weather */,
			);
		};
/* End PBXProject section */

/* Begin PBXResourcesBuildPhase section */
		14B4F6191BC4F85F00EEF116 /* Resources */ = {
			isa = PBXResourcesBuildPhase;
			buildActionMask = 2147483647;
			files = (
				84E09DAB1BCCE26D00E4206A /* cloudybck.jpg in Resources */,
				84E09D9A1BCCDECA00E4206A /* cloudy.png in Resources */,
				84E09D9F1BCCDECA00E4206A /* sleet.png in Resources */,
				14B4F6291BC4F85F00EEF116 /* LaunchScreen.storyboard in Resources */,
				84E09DAF1BCCE26D00E4206A /* rainbck.jpg in Resources */,
				84E09DB01BCCE26D00E4206A /* sleetbck.jpg in Resources */,
				84E09DB21BCCE26D00E4206A /* windbck.jpg in Resources */,
				84E09D981BCCDECA00E4206A /* clear-day.png in Resources */,
				14B4F6261BC4F85F00EEF116 /* Assets.xcassets in Resources */,
				14B4F6241BC4F85F00EEF116 /* Main.storyboard in Resources */,
				84E09DB11BCCE26D00E4206A /* snowbck.jpg in Resources */,
				84E09D9E1BCCDECA00E4206A /* rain.png in Resources */,
				84E09D991BCCDECA00E4206A /* clear-night.png in Resources */,
				84E09DAC1BCCE26D00E4206A /* fogbck.jpg in Resources */,
				84E09D9D1BCCDECA00E4206A /* partly-cloudy-night.png in Resources */,
				84E09DAE1BCCE26D00E4206A /* partly-cloudy-nightbck.jpg in Resources */,
				84E09DAD1BCCE26D00E4206A /* partly-cloudy-daybck.jpg in Resources */,
				84E09DAA1BCCE26D00E4206A /* clear-nightbck.jpg in Resources */,
				84E09DA01BCCDECA00E4206A /* snow.png in Resources */,
				84E09D9B1BCCDECA00E4206A /* fog.png in Resources */,
				84E09D9C1BCCDECA00E4206A /* partly-cloudy-day.png in Resources */,
			);
			runOnlyForDeploymentPostprocessing = 0;
		};
/* End PBXResourcesBuildPhase section */

/* Begin PBXSourcesBuildPhase section */
		14B4F6171BC4F85F00EEF116 /* Sources */ = {
			isa = PBXSourcesBuildPhase;
			buildActionMask = 2147483647;
			files = (
				147AA0301BCA515B00ECBF88 /* AFURLRequestSerialization.m in Sources */,
				147AA02F1BCA515B00ECBF88 /* AFURLConnectionOperation.m in Sources */,
				147AA02E1BCA515B00ECBF88 /* AFSecurityPolicy.m in Sources */,
				147AA02A1BCA515B00ECBF88 /* AFHTTPRequestOperation.m in Sources */,
				147AA0321BCA515B00ECBF88 /* AFURLSessionManager.m in Sources */,
				147AA0311BCA515B00ECBF88 /* AFURLResponseSerialization.m in Sources */,
				14B4F6211BC4F85F00EEF116 /* ViewController.swift in Sources */,
				147AA02C1BCA515B00ECBF88 /* AFHTTPSessionManager.m in Sources */,
				147AA02B1BCA515B00ECBF88 /* AFHTTPRequestOperationManager.m in Sources */,
				147AA02D1BCA515B00ECBF88 /* AFNetworkReachabilityManager.m in Sources */,
				14B4F61F1BC4F85F00EEF116 /* AppDelegate.swift in Sources */,
			);
			runOnlyForDeploymentPostprocessing = 0;
		};
/* End PBXSourcesBuildPhase section */

/* Begin PBXVariantGroup section */
		14B4F6221BC4F85F00EEF116 /* Main.storyboard */ = {
			isa = PBXVariantGroup;
			children = (
				14B4F6231BC4F85F00EEF116 /* Base */,
			);
			name = Main.storyboard;
			sourceTree = "<group>";
		};
		14B4F6271BC4F85F00EEF116 /* LaunchScreen.storyboard */ = {
			isa = PBXVariantGroup;
			children = (
				14B4F6281BC4F85F00EEF116 /* Base */,
			);
			name = LaunchScreen.storyboard;
			sourceTree = "<group>";
		};
/* End PBXVariantGroup section */

/* Begin XCBuildConfiguration section */
		14B4F62B1BC4F85F00EEF116 /* Debug */ = {
			isa = XCBuildConfiguration;
			buildSettings = {
				ALWAYS_SEARCH_USER_PATHS = NO;
				CLANG_CXX_LANGUAGE_STANDARD = "gnu++0x";
				CLANG_CXX_LIBRARY = "libc++";
				CLANG_ENABLE_MODULES = YES;
				CLANG_ENABLE_OBJC_ARC = YES;
				CLANG_WARN_BOOL_CONVERSION = YES;
				CLANG_WARN_CONSTANT_CONVERSION = YES;
				CLANG_WARN_DIRECT_OBJC_ISA_USAGE = YES_ERROR;
				CLANG_WARN_EMPTY_BODY = YES;
				CLANG_WARN_ENUM_CONVERSION = YES;
				CLANG_WARN_INT_CONVERSION = YES;
				CLANG_WARN_OBJC_ROOT_CLASS = YES_ERROR;
				CLANG_WARN_UNREACHABLE_CODE = YES;
				CLANG_WARN__DUPLICATE_METHOD_MATCH = YES;
				"CODE_SIGN_IDENTITY[sdk=iphoneos*]" = "iPhone Developer";
				COPY_PHASE_STRIP = NO;
				DEBUG_INFORMATION_FORMAT = dwarf;
				ENABLE_STRICT_OBJC_MSGSEND = YES;
				ENABLE_TESTABILITY = YES;
				GCC_C_LANGUAGE_STANDARD = gnu99;
				GCC_DYNAMIC_NO_PIC = NO;
				GCC_NO_COMMON_BLOCKS = YES;
				GCC_OPTIMIZATION_LEVEL = 0;
				GCC_PREPROCESSOR_DEFINITIONS = (
					"DEBUG=1",
					"$(inherited)",
				);
				GCC_WARN_64_TO_32_BIT_CONVERSION = YES;
				GCC_WARN_ABOUT_RETURN_TYPE = YES_ERROR;
				GCC_WARN_UNDECLARED_SELECTOR = YES;
				GCC_WARN_UNINITIALIZED_AUTOS = YES_AGGRESSIVE;
				GCC_WARN_UNUSED_FUNCTION = YES;
				GCC_WARN_UNUSED_VARIABLE = YES;
				IPHONEOS_DEPLOYMENT_TARGET = 9.0;
				MTL_ENABLE_DEBUG_INFO = YES;
				ONLY_ACTIVE_ARCH = YES;
				SDKROOT = iphoneos;
				SWIFT_OPTIMIZATION_LEVEL = "-Onone";
			};
			name = Debug;
		};
		14B4F62C1BC4F85F00EEF116 /* Release */ = {
			isa = XCBuildConfiguration;
			buildSettings = {
				ALWAYS_SEARCH_USER_PATHS = NO;
				CLANG_CXX_LANGUAGE_STANDARD = "gnu++0x";
				CLANG_CXX_LIBRARY = "libc++";
				CLANG_ENABLE_MODULES = YES;
				CLANG_ENABLE_OBJC_ARC = YES;
				CLANG_WARN_BOOL_CONVERSION = YES;
				CLANG_WARN_CONSTANT_CONVERSION = YES;
				CLANG_WARN_DIRECT_OBJC_ISA_USAGE = YES_ERROR;
				CLANG_WARN_EMPTY_BODY = YES;
				CLANG_WARN_ENUM_CONVERSION = YES;
				CLANG_WARN_INT_CONVERSION = YES;
				CLANG_WARN_OBJC_ROOT_CLASS = YES_ERROR;
				CLANG_WARN_UNREACHABLE_CODE = YES;
				CLANG_WARN__DUPLICATE_METHOD_MATCH = YES;
				"CODE_SIGN_IDENTITY[sdk=iphoneos*]" = "iPhone Developer";
				COPY_PHASE_STRIP = NO;
				DEBUG_INFORMATION_FORMAT = "dwarf-with-dsym";
				ENABLE_NS_ASSERTIONS = NO;
				ENABLE_STRICT_OBJC_MSGSEND = YES;
				GCC_C_LANGUAGE_STANDARD = gnu99;
				GCC_NO_COMMON_BLOCKS = YES;
				GCC_WARN_64_TO_32_BIT_CONVERSION = YES;
				GCC_WARN_ABOUT_RETURN_TYPE = YES_ERROR;
				GCC_WARN_UNDECLARED_SELECTOR = YES;
				GCC_WARN_UNINITIALIZED_AUTOS = YES_AGGRESSIVE;
				GCC_WARN_UNUSED_FUNCTION = YES;
				GCC_WARN_UNUSED_VARIABLE = YES;
				IPHONEOS_DEPLOYMENT_TARGET = 9.0;
				MTL_ENABLE_DEBUG_INFO = NO;
				SDKROOT = iphoneos;
				VALIDATE_PRODUCT = YES;
			};
			name = Release;
		};
		14B4F62E1BC4F85F00EEF116 /* Debug */ = {
			isa = XCBuildConfiguration;
			buildSettings = {
				ASSETCATALOG_COMPILER_APPICON_NAME = AppIcon;
				INFOPLIST_FILE = weather/Info.plist;
				LD_RUNPATH_SEARCH_PATHS = "$(inherited) @executable_path/Frameworks";
				PRODUCT_BUNDLE_IDENTIFIER = Sereni.weather;
				PRODUCT_NAME = "$(TARGET_NAME)";
				SWIFT_OBJC_BRIDGING_HEADER = "weather-Bridging-Header.h";
			};
			name = Debug;
		};
		14B4F62F1BC4F85F00EEF116 /* Release */ = {
			isa = XCBuildConfiguration;
			buildSettings = {
				ASSETCATALOG_COMPILER_APPICON_NAME = AppIcon;
				INFOPLIST_FILE = weather/Info.plist;
				LD_RUNPATH_SEARCH_PATHS = "$(inherited) @executable_path/Frameworks";
				PRODUCT_BUNDLE_IDENTIFIER = Sereni.weather;
				PRODUCT_NAME = "$(TARGET_NAME)";
				SWIFT_OBJC_BRIDGING_HEADER = "weather-Bridging-Header.h";
			};
			name = Release;
		};
/* End XCBuildConfiguration section */

/* Begin XCConfigurationList section */
		14B4F6161BC4F85F00EEF116 /* Build configuration list for PBXProject "weather" */ = {
			isa = XCConfigurationList;
			buildConfigurations = (
				14B4F62B1BC4F85F00EEF116 /* Debug */,
				14B4F62C1BC4F85F00EEF116 /* Release */,
			);
			defaultConfigurationIsVisible = 0;
			defaultConfigurationName = Release;
		};
		14B4F62D1BC4F85F00EEF116 /* Build configuration list for PBXNativeTarget "weather" */ = {
			isa = XCConfigurationList;
			buildConfigurations = (
				14B4F62E1BC4F85F00EEF116 /* Debug */,
				14B4F62F1BC4F85F00EEF116 /* Release */,
			);
			defaultConfigurationIsVisible = 0;
			defaultConfigurationName = Release;
		};
/* End XCConfigurationList section */
	};
	rootObject = 14B4F6131BC4F85F00EEF116 /* Project object */;
}
